// !$*UTF8*$!
{
	archiveVersion = 1;
	classes = {
	};
	objectVersion = 77;
	objects = {

/* Begin PBXBuildFile section */
		CE556D9B2EEB4F4300B2F2C9 /* WorkoutPlayerViewModel.swift in Sources */ = {isa = PBXBuildFile; fileRef = CE556D9A2EEB4F4300B2F2C9 /* WorkoutPlayerViewModel.swift */; };
		CE556D9D2EEB4F6500B2F2C9 /* WorkoutPlayerView.swift in Sources */ = {isa = PBXBuildFile; fileRef = CE556D9C2EEB4F6500B2F2C9 /* WorkoutPlayerView.swift */; };
		CE556DA02EEB4F8C00B2F2C9 /* SwiftDataStack.swift in Sources */ = {isa = PBXBuildFile; fileRef = CE556D9F2EEB4F8C00B2F2C9 /* SwiftDataStack.swift */; };
		CE556DA52EEB4FC200B2F2C9 /* WorkoutNowApp.swift in Sources */ = {isa = PBXBuildFile; fileRef = CE556DA42EEB4FC200B2F2C9 /* WorkoutNowApp.swift */; };
		CE556DA72EEB4FCC00B2F2C9 /* AppTheme.swift in Sources */ = {isa = PBXBuildFile; fileRef = CE556DA62EEB4FCC00B2F2C9 /* AppTheme.swift */; };
		CE556DA82EEB508500B2F2C9 /* Routine.swift in Sources */ = {isa = PBXBuildFile; fileRef = CECB6D672EEA4A3C001C5439 /* Routine.swift */; };
		CECB6D742EEA4A3C001C5439 /* Assets.xcassets in Resources */ = {isa = PBXBuildFile; fileRef = CECB6D702EEA4A3C001C5439 /* Assets.xcassets */; };
		CECB6D752EEA4A3C001C5439 /* Exercise.swift in Sources */ = {isa = PBXBuildFile; fileRef = CECB6D662EEA4A3C001C5439 /* Exercise.swift */; };
		CECB6D772EEA4A3C001C5439 /* RoutineListViewModel.swift in Sources */ = {isa = PBXBuildFile; fileRef = CECB6D692EEA4A3C001C5439 /* RoutineListViewModel.swift */; };
		CECB6D782EEA4A3C001C5439 /* RoutineCard.swift in Sources */ = {isa = PBXBuildFile; fileRef = CECB6D6B2EEA4A3C001C5439 /* RoutineCard.swift */; };
		CECB6D792EEA4A3C001C5439 /* RoutineDetailView.swift in Sources */ = {isa = PBXBuildFile; fileRef = CECB6D6D2EEA4A3C001C5439 /* RoutineDetailView.swift */; };
		CECB6D7A2EEA4A3C001C5439 /* RoutineListView.swift in Sources */ = {isa = PBXBuildFile; fileRef = CECB6D6E2EEA4A3C001C5439 /* RoutineListView.swift */; };
/* End PBXBuildFile section */

/* Begin PBXContainerItemProxy section */
		CE5308F42EEA282F00AC11EA /* PBXContainerItemProxy */ = {
			isa = PBXContainerItemProxy;
			containerPortal = CE5308DE2EEA282D00AC11EA /* Project object */;
			proxyType = 1;
			remoteGlobalIDString = CE5308E52EEA282D00AC11EA;
			remoteInfo = WorkoutNow;
		};
		CE5308FE2EEA282F00AC11EA /* PBXContainerItemProxy */ = {
			isa = PBXContainerItemProxy;
			containerPortal = CE5308DE2EEA282D00AC11EA /* Project object */;
			proxyType = 1;
			remoteGlobalIDString = CE5308E52EEA282D00AC11EA;
			remoteInfo = WorkoutNow;
		};
/* End PBXContainerItemProxy section */

/* Begin PBXFileReference section */
		CE5308E62EEA282D00AC11EA /* WorkoutNow.app */ = {isa = PBXFileReference; explicitFileType = wrapper.application; includeInIndex = 0; path = WorkoutNow.app; sourceTree = BUILT_PRODUCTS_DIR; };
		CE5308F32EEA282F00AC11EA /* WorkoutNowTests.xctest */ = {isa = PBXFileReference; explicitFileType = wrapper.cfbundle; includeInIndex = 0; path = WorkoutNowTests.xctest; sourceTree = BUILT_PRODUCTS_DIR; };
		CE5308FD2EEA282F00AC11EA /* WorkoutNowUITests.xctest */ = {isa = PBXFileReference; explicitFileType = wrapper.cfbundle; includeInIndex = 0; path = WorkoutNowUITests.xctest; sourceTree = BUILT_PRODUCTS_DIR; };
		CE556D9A2EEB4F4300B2F2C9 /* WorkoutPlayerViewModel.swift */ = {isa = PBXFileReference; lastKnownFileType = sourcecode.swift; path = WorkoutPlayerViewModel.swift; sourceTree = "<group>"; };
		CE556D9C2EEB4F6500B2F2C9 /* WorkoutPlayerView.swift */ = {isa = PBXFileReference; lastKnownFileType = sourcecode.swift; path = WorkoutPlayerView.swift; sourceTree = "<group>"; };
		CE556D9F2EEB4F8C00B2F2C9 /* SwiftDataStack.swift */ = {isa = PBXFileReference; lastKnownFileType = sourcecode.swift; path = SwiftDataStack.swift; sourceTree = "<group>"; };
		CE556DA42EEB4FC200B2F2C9 /* WorkoutNowApp.swift */ = {isa = PBXFileReference; lastKnownFileType = sourcecode.swift; path = WorkoutNowApp.swift; sourceTree = "<group>"; };
		CE556DA62EEB4FCC00B2F2C9 /* AppTheme.swift */ = {isa = PBXFileReference; lastKnownFileType = sourcecode.swift; path = AppTheme.swift; sourceTree = "<group>"; };
		CECB6D662EEA4A3C001C5439 /* Exercise.swift */ = {isa = PBXFileReference; lastKnownFileType = sourcecode.swift; path = Exercise.swift; sourceTree = "<group>"; };
		CECB6D672EEA4A3C001C5439 /* Routine.swift */ = {isa = PBXFileReference; lastKnownFileType = sourcecode.swift; path = Routine.swift; sourceTree = "<group>"; };
		CECB6D692EEA4A3C001C5439 /* RoutineListViewModel.swift */ = {isa = PBXFileReference; lastKnownFileType = sourcecode.swift; path = RoutineListViewModel.swift; sourceTree = "<group>"; };
		CECB6D6B2EEA4A3C001C5439 /* RoutineCard.swift */ = {isa = PBXFileReference; lastKnownFileType = sourcecode.swift; path = RoutineCard.swift; sourceTree = "<group>"; };
		CECB6D6D2EEA4A3C001C5439 /* RoutineDetailView.swift */ = {isa = PBXFileReference; lastKnownFileType = sourcecode.swift; path = RoutineDetailView.swift; sourceTree = "<group>"; };
		CECB6D6E2EEA4A3C001C5439 /* RoutineListView.swift */ = {isa = PBXFileReference; lastKnownFileType = sourcecode.swift; path = RoutineListView.swift; sourceTree = "<group>"; };
		CECB6D702EEA4A3C001C5439 /* Assets.xcassets */ = {isa = PBXFileReference; lastKnownFileType = folder.assetcatalog; path = Assets.xcassets; sourceTree = "<group>"; };
/* End PBXFileReference section */

/* Begin PBXFileSystemSynchronizedRootGroup section */
		CE5308F62EEA282F00AC11EA /* WorkoutNowTests */ = {
			isa = PBXFileSystemSynchronizedRootGroup;
			path = WorkoutNowTests;
			sourceTree = "<group>";
		};
		CE5309002EEA282F00AC11EA /* WorkoutNowUITests */ = {
			isa = PBXFileSystemSynchronizedRootGroup;
			path = WorkoutNowUITests;
			sourceTree = "<group>";
		};
/* End PBXFileSystemSynchronizedRootGroup section */

/* Begin PBXFrameworksBuildPhase section */
		CE5308E32EEA282D00AC11EA /* Frameworks */ = {
			isa = PBXFrameworksBuildPhase;
			buildActionMask = 2147483647;
			files = (
			);
			runOnlyForDeploymentPostprocessing = 0;
		};
		CE5308F02EEA282F00AC11EA /* Frameworks */ = {
			isa = PBXFrameworksBuildPhase;
			buildActionMask = 2147483647;
			files = (
			);
			runOnlyForDeploymentPostprocessing = 0;
		};
		CE5308FA2EEA282F00AC11EA /* Frameworks */ = {
			isa = PBXFrameworksBuildPhase;
			buildActionMask = 2147483647;
			files = (
			);
			runOnlyForDeploymentPostprocessing = 0;
		};
/* End PBXFrameworksBuildPhase section */

/* Begin PBXGroup section */
		CE5308DD2EEA282D00AC11EA = {
			isa = PBXGroup;
			children = (
				CECB6D732EEA4A3C001C5439 /* WorkoutNow */,
				CE5308F62EEA282F00AC11EA /* WorkoutNowTests */,
				CE5309002EEA282F00AC11EA /* WorkoutNowUITests */,
				CE5308E72EEA282D00AC11EA /* Products */,
			);
			sourceTree = "<group>";
		};
		CE5308E72EEA282D00AC11EA /* Products */ = {
			isa = PBXGroup;
			children = (
				CE5308E62EEA282D00AC11EA /* WorkoutNow.app */,
				CE5308F32EEA282F00AC11EA /* WorkoutNowTests.xctest */,
				CE5308FD2EEA282F00AC11EA /* WorkoutNowUITests.xctest */,
			);
			name = Products;
			sourceTree = "<group>";
		};
		CE556D982EEB4ED400B2F2C9 /* App */ = {
			isa = PBXGroup;
			children = (
				CE556DA42EEB4FC200B2F2C9 /* WorkoutNowApp.swift */,
				CE556DA62EEB4FCC00B2F2C9 /* AppTheme.swift */,
			);
			path = App;
			sourceTree = "<group>";
		};
		CE556D992EEB4EF300B2F2C9 /* Services */ = {
			isa = PBXGroup;
			children = (
				CE556D9E2EEB4F8200B2F2C9 /* LocalStore */,
			);
			path = Services;
			sourceTree = "<group>";
		};
		CE556D9E2EEB4F8200B2F2C9 /* LocalStore */ = {
			isa = PBXGroup;
			children = (
				CE556D9F2EEB4F8C00B2F2C9 /* SwiftDataStack.swift */,
			);
			path = LocalStore;
			sourceTree = "<group>";
		};
		CE556DA12EEB4F9800B2F2C9 /* Extensions */ = {
			isa = PBXGroup;
			children = (
			);
			path = Extensions;
			sourceTree = "<group>";
		};
		CE556DA22EEB4FA700B2F2C9 /* Shared */ = {
			isa = PBXGroup;
			children = (
				CE556DA32EEB4FB200B2F2C9 /* Constants */,
				CE556DA12EEB4F9800B2F2C9 /* Extensions */,
			);
			path = Shared;
			sourceTree = "<group>";
		};
		CE556DA32EEB4FB200B2F2C9 /* Constants */ = {
			isa = PBXGroup;
			children = (
			);
			path = Constants;
			sourceTree = "<group>";
		};
		CECB6D682EEA4A3C001C5439 /* Models */ = {
			isa = PBXGroup;
			children = (
				CECB6D662EEA4A3C001C5439 /* Exercise.swift */,
				CECB6D672EEA4A3C001C5439 /* Routine.swift */,
			);
			path = Models;
			sourceTree = "<group>";
		};
		CECB6D6A2EEA4A3C001C5439 /* ViewModels */ = {
			isa = PBXGroup;
			children = (
				CECB6D692EEA4A3C001C5439 /* RoutineListViewModel.swift */,
				CE556D9A2EEB4F4300B2F2C9 /* WorkoutPlayerViewModel.swift */,
			);
			path = ViewModels;
			sourceTree = "<group>";
		};
		CECB6D6C2EEA4A3C001C5439 /* Components */ = {
			isa = PBXGroup;
			children = (
				CECB6D6B2EEA4A3C001C5439 /* RoutineCard.swift */,
			);
			path = Components;
			sourceTree = "<group>";
		};
		CECB6D6F2EEA4A3C001C5439 /* Views */ = {
			isa = PBXGroup;
			children = (
				CECB6D6C2EEA4A3C001C5439 /* Components */,
				CECB6D6D2EEA4A3C001C5439 /* RoutineDetailView.swift */,
				CECB6D6E2EEA4A3C001C5439 /* RoutineListView.swift */,
				CE556D9C2EEB4F6500B2F2C9 /* WorkoutPlayerView.swift */,
			);
			path = Views;
			sourceTree = "<group>";
		};
		CECB6D732EEA4A3C001C5439 /* WorkoutNow */ = {
			isa = PBXGroup;
			children = (
				CE556DA22EEB4FA700B2F2C9 /* Shared */,
				CE556D992EEB4EF300B2F2C9 /* Services */,
				CE556D982EEB4ED400B2F2C9 /* App */,
				CECB6D682EEA4A3C001C5439 /* Models */,
				CECB6D6A2EEA4A3C001C5439 /* ViewModels */,
				CECB6D6F2EEA4A3C001C5439 /* Views */,
				CECB6D702EEA4A3C001C5439 /* Assets.xcassets */,
			);
			path = WorkoutNow;
			sourceTree = "<group>";
		};
/* End PBXGroup section */

/* Begin PBXNativeTarget section */
		CE5308E52EEA282D00AC11EA /* WorkoutNow */ = {
			isa = PBXNativeTarget;
			buildConfigurationList = CE5309072EEA282F00AC11EA /* Build configuration list for PBXNativeTarget "WorkoutNow" */;
			buildPhases = (
				CE5308E22EEA282D00AC11EA /* Sources */,
				CE5308E32EEA282D00AC11EA /* Frameworks */,
				CE5308E42EEA282D00AC11EA /* Resources */,
			);
			buildRules = (
			);
			dependencies = (
			);
			name = WorkoutNow;
			packageProductDependencies = (
			);
			productName = WorkoutNow;
			productReference = CE5308E62EEA282D00AC11EA /* WorkoutNow.app */;
			productType = "com.apple.product-type.application";
		};
		CE5308F22EEA282F00AC11EA /* WorkoutNowTests */ = {
			isa = PBXNativeTarget;
			buildConfigurationList = CE53090A2EEA282F00AC11EA /* Build configuration list for PBXNativeTarget "WorkoutNowTests" */;
			buildPhases = (
				CE5308EF2EEA282F00AC11EA /* Sources */,
				CE5308F02EEA282F00AC11EA /* Frameworks */,
				CE5308F12EEA282F00AC11EA /* Resources */,
			);
			buildRules = (
			);
			dependencies = (
				CE5308F52EEA282F00AC11EA /* PBXTargetDependency */,
			);
			fileSystemSynchronizedGroups = (
				CE5308F62EEA282F00AC11EA /* WorkoutNowTests */,
			);
			name = WorkoutNowTests;
			packageProductDependencies = (
			);
			productName = WorkoutNowTests;
			productReference = CE5308F32EEA282F00AC11EA /* WorkoutNowTests.xctest */;
			productType = "com.apple.product-type.bundle.unit-test";
		};
		CE5308FC2EEA282F00AC11EA /* WorkoutNowUITests */ = {
			isa = PBXNativeTarget;
			buildConfigurationList = CE53090D2EEA282F00AC11EA /* Build configuration list for PBXNativeTarget "WorkoutNowUITests" */;
			buildPhases = (
				CE5308F92EEA282F00AC11EA /* Sources */,
				CE5308FA2EEA282F00AC11EA /* Frameworks */,
				CE5308FB2EEA282F00AC11EA /* Resources */,
			);
			buildRules = (
			);
			dependencies = (
				CE5308FF2EEA282F00AC11EA /* PBXTargetDependency */,
			);
			fileSystemSynchronizedGroups = (
				CE5309002EEA282F00AC11EA /* WorkoutNowUITests */,
			);
			name = WorkoutNowUITests;
			packageProductDependencies = (
			);
			productName = WorkoutNowUITests;
			productReference = CE5308FD2EEA282F00AC11EA /* WorkoutNowUITests.xctest */;
			productType = "com.apple.product-type.bundle.ui-testing";
		};
/* End PBXNativeTarget section */

/* Begin PBXProject section */
		CE5308DE2EEA282D00AC11EA /* Project object */ = {
			isa = PBXProject;
			attributes = {
				BuildIndependentTargetsInParallel = 1;
				LastSwiftUpdateCheck = 2610;
				LastUpgradeCheck = 2610;
				TargetAttributes = {
					CE5308E52EEA282D00AC11EA = {
						CreatedOnToolsVersion = 26.1.1;
					};
					CE5308F22EEA282F00AC11EA = {
						CreatedOnToolsVersion = 26.1.1;
						TestTargetID = CE5308E52EEA282D00AC11EA;
					};
					CE5308FC2EEA282F00AC11EA = {
						CreatedOnToolsVersion = 26.1.1;
						TestTargetID = CE5308E52EEA282D00AC11EA;
					};
				};
			};
			buildConfigurationList = CE5308E12EEA282D00AC11EA /* Build configuration list for PBXProject "WorkoutNow" */;
			developmentRegion = en;
			hasScannedForEncodings = 0;
			knownRegions = (
				en,
				Base,
			);
			mainGroup = CE5308DD2EEA282D00AC11EA;
			minimizedProjectReferenceProxies = 1;
			preferredProjectObjectVersion = 77;
			productRefGroup = CE5308E72EEA282D00AC11EA /* Products */;
			projectDirPath = "";
			projectRoot = "";
			targets = (
				CE5308E52EEA282D00AC11EA /* WorkoutNow */,
				CE5308F22EEA282F00AC11EA /* WorkoutNowTests */,
				CE5308FC2EEA282F00AC11EA /* WorkoutNowUITests */,
			);
		};
/* End PBXProject section */

/* Begin PBXResourcesBuildPhase section */
		CE5308E42EEA282D00AC11EA /* Resources */ = {
			isa = PBXResourcesBuildPhase;
			buildActionMask = 2147483647;
			files = (
				CECB6D742EEA4A3C001C5439 /* Assets.xcassets in Resources */,
			);
			runOnlyForDeploymentPostprocessing = 0;
		};
		CE5308F12EEA282F00AC11EA /* Resources */ = {
			isa = PBXResourcesBuildPhase;
			buildActionMask = 2147483647;
			files = (
			);
			runOnlyForDeploymentPostprocessing = 0;
		};
		CE5308FB2EEA282F00AC11EA /* Resources */ = {
			isa = PBXResourcesBuildPhase;
			buildActionMask = 2147483647;
			files = (
			);
			runOnlyForDeploymentPostprocessing = 0;
		};
/* End PBXResourcesBuildPhase section */

/* Begin PBXSourcesBuildPhase section */
		CE5308E22EEA282D00AC11EA /* Sources */ = {
			isa = PBXSourcesBuildPhase;
			buildActionMask = 2147483647;
			files = (
				CECB6D752EEA4A3C001C5439 /* Exercise.swift in Sources */,
				CE556DA82EEB508500B2F2C9 /* Routine.swift in Sources */,
				CECB6D772EEA4A3C001C5439 /* RoutineListViewModel.swift in Sources */,
				CE556DA72EEB4FCC00B2F2C9 /* AppTheme.swift in Sources */,
				CECB6D782EEA4A3C001C5439 /* RoutineCard.swift in Sources */,
				CECB6D792EEA4A3C001C5439 /* RoutineDetailView.swift in Sources */,
				CE556D9D2EEB4F6500B2F2C9 /* WorkoutPlayerView.swift in Sources */,
				CECB6D7A2EEA4A3C001C5439 /* RoutineListView.swift in Sources */,
				CE556DA02EEB4F8C00B2F2C9 /* SwiftDataStack.swift in Sources */,
				CE556D9B2EEB4F4300B2F2C9 /* WorkoutPlayerViewModel.swift in Sources */,
				CE556DA52EEB4FC200B2F2C9 /* WorkoutNowApp.swift in Sources */,
			);
			runOnlyForDeploymentPostprocessing = 0;
		};
		CE5308EF2EEA282F00AC11EA /* Sources */ = {
			isa = PBXSourcesBuildPhase;
			buildActionMask = 2147483647;
			files = (
			);
			runOnlyForDeploymentPostprocessing = 0;
		};
		CE5308F92EEA282F00AC11EA /* Sources */ = {
			isa = PBXSourcesBuildPhase;
			buildActionMask = 2147483647;
			files = (
			);
			runOnlyForDeploymentPostprocessing = 0;
		};
/* End PBXSourcesBuildPhase section */

/* Begin PBXTargetDependency section */
		CE5308F52EEA282F00AC11EA /* PBXTargetDependency */ = {
			isa = PBXTargetDependency;
			target = CE5308E52EEA282D00AC11EA /* WorkoutNow */;
			targetProxy = CE5308F42EEA282F00AC11EA /* PBXContainerItemProxy */;
		};
		CE5308FF2EEA282F00AC11EA /* PBXTargetDependency */ = {
			isa = PBXTargetDependency;
			target = CE5308E52EEA282D00AC11EA /* WorkoutNow */;
			targetProxy = CE5308FE2EEA282F00AC11EA /* PBXContainerItemProxy */;
		};
/* End PBXTargetDependency section */

/* Begin XCBuildConfiguration section */
		CE5309052EEA282F00AC11EA /* Debug */ = {
			isa = XCBuildConfiguration;
			buildSettings = {
				ALWAYS_SEARCH_USER_PATHS = NO;
				ASSETCATALOG_COMPILER_GENERATE_SWIFT_ASSET_SYMBOL_EXTENSIONS = YES;
				CLANG_ANALYZER_NONNULL = YES;
				CLANG_ANALYZER_NUMBER_OBJECT_CONVERSION = YES_AGGRESSIVE;
				CLANG_CXX_LANGUAGE_STANDARD = "gnu++20";
				CLANG_ENABLE_MODULES = YES;
				CLANG_ENABLE_OBJC_ARC = YES;
				CLANG_ENABLE_OBJC_WEAK = YES;
				CLANG_WARN_BLOCK_CAPTURE_AUTORELEASING = YES;
				CLANG_WARN_BOOL_CONVERSION = YES;
				CLANG_WARN_COMMA = YES;
				CLANG_WARN_CONSTANT_CONVERSION = YES;
				CLANG_WARN_DEPRECATED_OBJC_IMPLEMENTATIONS = YES;
				CLANG_WARN_DIRECT_OBJC_ISA_USAGE = YES_ERROR;
				CLANG_WARN_DOCUMENTATION_COMMENTS = YES;
				CLANG_WARN_EMPTY_BODY = YES;
				CLANG_WARN_ENUM_CONVERSION = YES;
				CLANG_WARN_INFINITE_RECURSION = YES;
				CLANG_WARN_INT_CONVERSION = YES;
				CLANG_WARN_NON_LITERAL_NULL_CONVERSION = YES;
				CLANG_WARN_OBJC_IMPLICIT_RETAIN_SELF = YES;
				CLANG_WARN_OBJC_LITERAL_CONVERSION = YES;
				CLANG_WARN_OBJC_ROOT_CLASS = YES_ERROR;
				CLANG_WARN_QUOTED_INCLUDE_IN_FRAMEWORK_HEADER = YES;
				CLANG_WARN_RANGE_LOOP_ANALYSIS = YES;
				CLANG_WARN_STRICT_PROTOTYPES = YES;
				CLANG_WARN_SUSPICIOUS_MOVE = YES;
				CLANG_WARN_UNGUARDED_AVAILABILITY = YES_AGGRESSIVE;
				CLANG_WARN_UNREACHABLE_CODE = YES;
				CLANG_WARN__DUPLICATE_METHOD_MATCH = YES;
				COPY_PHASE_STRIP = NO;
				DEBUG_INFORMATION_FORMAT = dwarf;
				DEVELOPMENT_TEAM = SYZDNA652D;
				ENABLE_STRICT_OBJC_MSGSEND = YES;
				ENABLE_TESTABILITY = YES;
				ENABLE_USER_SCRIPT_SANDBOXING = YES;
				GCC_C_LANGUAGE_STANDARD = gnu17;
				GCC_DYNAMIC_NO_PIC = NO;
				GCC_NO_COMMON_BLOCKS = YES;
				GCC_OPTIMIZATION_LEVEL = 0;
				GCC_PREPROCESSOR_DEFINITIONS = (
					"DEBUG=1",
					"$(inherited)",
				);
				GCC_WARN_64_TO_32_BIT_CONVERSION = YES;
				GCC_WARN_ABOUT_RETURN_TYPE = YES_ERROR;
				GCC_WARN_UNDECLARED_SELECTOR = YES;
				GCC_WARN_UNINITIALIZED_AUTOS = YES_AGGRESSIVE;
				GCC_WARN_UNUSED_FUNCTION = YES;
				GCC_WARN_UNUSED_VARIABLE = YES;
				IPHONEOS_DEPLOYMENT_TARGET = 26.1;
				LOCALIZATION_PREFERS_STRING_CATALOGS = YES;
				MTL_ENABLE_DEBUG_INFO = INCLUDE_SOURCE;
				MTL_FAST_MATH = YES;
				ONLY_ACTIVE_ARCH = YES;
				SDKROOT = iphoneos;
				SWIFT_ACTIVE_COMPILATION_CONDITIONS = "DEBUG $(inherited)";
				SWIFT_OPTIMIZATION_LEVEL = "-Onone";
			};
			name = Debug;
		};
		CE5309062EEA282F00AC11EA /* Release */ = {
			isa = XCBuildConfiguration;
			buildSettings = {
				ALWAYS_SEARCH_USER_PATHS = NO;
				ASSETCATALOG_COMPILER_GENERATE_SWIFT_ASSET_SYMBOL_EXTENSIONS = YES;
				CLANG_ANALYZER_NONNULL = YES;
				CLANG_ANALYZER_NUMBER_OBJECT_CONVERSION = YES_AGGRESSIVE;
				CLANG_CXX_LANGUAGE_STANDARD = "gnu++20";
				CLANG_ENABLE_MODULES = YES;
				CLANG_ENABLE_OBJC_ARC = YES;
				CLANG_ENABLE_OBJC_WEAK = YES;
				CLANG_WARN_BLOCK_CAPTURE_AUTORELEASING = YES;
				CLANG_WARN_BOOL_CONVERSION = YES;
				CLANG_WARN_COMMA = YES;
				CLANG_WARN_CONSTANT_CONVERSION = YES;
				CLANG_WARN_DEPRECATED_OBJC_IMPLEMENTATIONS = YES;
				CLANG_WARN_DIRECT_OBJC_ISA_USAGE = YES_ERROR;
				CLANG_WARN_DOCUMENTATION_COMMENTS = YES;
				CLANG_WARN_EMPTY_BODY = YES;
				CLANG_WARN_ENUM_CONVERSION = YES;
				CLANG_WARN_INFINITE_RECURSION = YES;
				CLANG_WARN_INT_CONVERSION = YES;
				CLANG_WARN_NON_LITERAL_NULL_CONVERSION = YES;
				CLANG_WARN_OBJC_IMPLICIT_RETAIN_SELF = YES;
				CLANG_WARN_OBJC_LITERAL_CONVERSION = YES;
				CLANG_WARN_OBJC_ROOT_CLASS = YES_ERROR;
				CLANG_WARN_QUOTED_INCLUDE_IN_FRAMEWORK_HEADER = YES;
				CLANG_WARN_RANGE_LOOP_ANALYSIS = YES;
				CLANG_WARN_STRICT_PROTOTYPES = YES;
				CLANG_WARN_SUSPICIOUS_MOVE = YES;
				CLANG_WARN_UNGUARDED_AVAILABILITY = YES_AGGRESSIVE;
				CLANG_WARN_UNREACHABLE_CODE = YES;
				CLANG_WARN__DUPLICATE_METHOD_MATCH = YES;
				COPY_PHASE_STRIP = NO;
				DEBUG_INFORMATION_FORMAT = "dwarf-with-dsym";
				DEVELOPMENT_TEAM = SYZDNA652D;
				ENABLE_NS_ASSERTIONS = NO;
				ENABLE_STRICT_OBJC_MSGSEND = YES;
				ENABLE_USER_SCRIPT_SANDBOXING = YES;
				GCC_C_LANGUAGE_STANDARD = gnu17;
				GCC_NO_COMMON_BLOCKS = YES;
				GCC_WARN_64_TO_32_BIT_CONVERSION = YES;
				GCC_WARN_ABOUT_RETURN_TYPE = YES_ERROR;
				GCC_WARN_UNDECLARED_SELECTOR = YES;
				GCC_WARN_UNINITIALIZED_AUTOS = YES_AGGRESSIVE;
				GCC_WARN_UNUSED_FUNCTION = YES;
				GCC_WARN_UNUSED_VARIABLE = YES;
				IPHONEOS_DEPLOYMENT_TARGET = 26.1;
				LOCALIZATION_PREFERS_STRING_CATALOGS = YES;
				MTL_ENABLE_DEBUG_INFO = NO;
				MTL_FAST_MATH = YES;
				SDKROOT = iphoneos;
				SWIFT_COMPILATION_MODE = wholemodule;
				VALIDATE_PRODUCT = YES;
			};
			name = Release;
		};
		CE5309082EEA282F00AC11EA /* Debug */ = {
			isa = XCBuildConfiguration;
			buildSettings = {
				ASSETCATALOG_COMPILER_APPICON_NAME = "App Icon";
				ASSETCATALOG_COMPILER_GLOBAL_ACCENT_COLOR_NAME = AccentColor;
				ASSETCATALOG_COMPILER_INCLUDE_ALL_APPICON_ASSETS = NO;
				CODE_SIGN_STYLE = Automatic;
				CURRENT_PROJECT_VERSION = 1;
				DEVELOPMENT_TEAM = SYZDNA652D;
				ENABLE_PREVIEWS = YES;
				GENERATE_INFOPLIST_FILE = YES;
				INFOPLIST_KEY_UIApplicationSceneManifest_Generation = YES;
				INFOPLIST_KEY_UIApplicationSupportsIndirectInputEvents = YES;
				INFOPLIST_KEY_UILaunchScreen_Generation = YES;
				INFOPLIST_KEY_UISupportedInterfaceOrientations_iPad = "UIInterfaceOrientationPortrait UIInterfaceOrientationPortraitUpsideDown UIInterfaceOrientationLandscapeLeft UIInterfaceOrientationLandscapeRight";
				INFOPLIST_KEY_UISupportedInterfaceOrientations_iPhone = "UIInterfaceOrientationPortrait UIInterfaceOrientationLandscapeLeft UIInterfaceOrientationLandscapeRight";
				LD_RUNPATH_SEARCH_PATHS = (
					"$(inherited)",
					"@executable_path/Frameworks",
				);
				MARKETING_VERSION = 1.0;
				PRODUCT_BUNDLE_IDENTIFIER = com.jcap.WorkoutNow;
				PRODUCT_NAME = "$(TARGET_NAME)";
				STRING_CATALOG_GENERATE_SYMBOLS = YES;
				SWIFT_APPROACHABLE_CONCURRENCY = YES;
				SWIFT_DEFAULT_ACTOR_ISOLATION = MainActor;
				SWIFT_EMIT_LOC_STRINGS = YES;
				SWIFT_UPCOMING_FEATURE_MEMBER_IMPORT_VISIBILITY = YES;
				SWIFT_VERSION = 5.0;
				TARGETED_DEVICE_FAMILY = "1,2";
			};
			name = Debug;
		};
		CE5309092EEA282F00AC11EA /* Release */ = {
			isa = XCBuildConfiguration;
			buildSettings = {
				ASSETCATALOG_COMPILER_APPICON_NAME = "App Icon";
				ASSETCATALOG_COMPILER_GLOBAL_ACCENT_COLOR_NAME = AccentColor;
				ASSETCATALOG_COMPILER_INCLUDE_ALL_APPICON_ASSETS = NO;
				CODE_SIGN_STYLE = Automatic;
				CURRENT_PROJECT_VERSION = 1;
				DEVELOPMENT_TEAM = SYZDNA652D;
				ENABLE_PREVIEWS = YES;
				GENERATE_INFOPLIST_FILE = YES;
				INFOPLIST_KEY_UIApplicationSceneManifest_Generation = YES;
				INFOPLIST_KEY_UIApplicationSupportsIndirectInputEvents = YES;
				INFOPLIST_KEY_UILaunchScreen_Generation = YES;
				INFOPLIST_KEY_UISupportedInterfaceOrientations_iPad = "UIInterfaceOrientationPortrait UIInterfaceOrientationPortraitUpsideDown UIInterfaceOrientationLandscapeLeft UIInterfaceOrientationLandscapeRight";
				INFOPLIST_KEY_UISupportedInterfaceOrientations_iPhone = "UIInterfaceOrientationPortrait UIInterfaceOrientationLandscapeLeft UIInterfaceOrientationLandscapeRight";
				LD_RUNPATH_SEARCH_PATHS = (
					"$(inherited)",
					"@executable_path/Frameworks",
				);
				MARKETING_VERSION = 1.0;
				PRODUCT_BUNDLE_IDENTIFIER = com.jcap.WorkoutNow;
				PRODUCT_NAME = "$(TARGET_NAME)";
				STRING_CATALOG_GENERATE_SYMBOLS = YES;
				SWIFT_APPROACHABLE_CONCURRENCY = YES;
				SWIFT_DEFAULT_ACTOR_ISOLATION = MainActor;
				SWIFT_EMIT_LOC_STRINGS = YES;
				SWIFT_UPCOMING_FEATURE_MEMBER_IMPORT_VISIBILITY = YES;
				SWIFT_VERSION = 5.0;
				TARGETED_DEVICE_FAMILY = "1,2";
			};
			name = Release;
		};
		CE53090B2EEA282F00AC11EA /* Debug */ = {
			isa = XCBuildConfiguration;
			buildSettings = {
				BUNDLE_LOADER = "$(TEST_HOST)";
				CODE_SIGN_STYLE = Automatic;
				CURRENT_PROJECT_VERSION = 1;
				DEVELOPMENT_TEAM = SYZDNA652D;
				GENERATE_INFOPLIST_FILE = YES;
				IPHONEOS_DEPLOYMENT_TARGET = 26.1;
				MARKETING_VERSION = 1.0;
				PRODUCT_BUNDLE_IDENTIFIER = com.jcap.WorkoutNowTests;
				PRODUCT_NAME = "$(TARGET_NAME)";
				STRING_CATALOG_GENERATE_SYMBOLS = NO;
				SWIFT_APPROACHABLE_CONCURRENCY = YES;
				SWIFT_EMIT_LOC_STRINGS = NO;
				SWIFT_UPCOMING_FEATURE_MEMBER_IMPORT_VISIBILITY = YES;
				SWIFT_VERSION = 5.0;
				TARGETED_DEVICE_FAMILY = "1,2";
				TEST_HOST = "$(BUILT_PRODUCTS_DIR)/WorkoutNow.app/$(BUNDLE_EXECUTABLE_FOLDER_PATH)/WorkoutNow";
			};
			name = Debug;
		};
		CE53090C2EEA282F00AC11EA /* Release */ = {
			isa = XCBuildConfiguration;
			buildSettings = {
				BUNDLE_LOADER = "$(TEST_HOST)";
				CODE_SIGN_STYLE = Automatic;
				CURRENT_PROJECT_VERSION = 1;
				DEVELOPMENT_TEAM = SYZDNA652D;
				GENERATE_INFOPLIST_FILE = YES;
				IPHONEOS_DEPLOYMENT_TARGET = 26.1;
				MARKETING_VERSION = 1.0;
				PRODUCT_BUNDLE_IDENTIFIER = com.jcap.WorkoutNowTests;
				PRODUCT_NAME = "$(TARGET_NAME)";
				STRING_CATALOG_GENERATE_SYMBOLS = NO;
				SWIFT_APPROACHABLE_CONCURRENCY = YES;
				SWIFT_EMIT_LOC_STRINGS = NO;
				SWIFT_UPCOMING_FEATURE_MEMBER_IMPORT_VISIBILITY = YES;
				SWIFT_VERSION = 5.0;
				TARGETED_DEVICE_FAMILY = "1,2";
				TEST_HOST = "$(BUILT_PRODUCTS_DIR)/WorkoutNow.app/$(BUNDLE_EXECUTABLE_FOLDER_PATH)/WorkoutNow";
			};
			name = Release;
		};
		CE53090E2EEA282F00AC11EA /* Debug */ = {
			isa = XCBuildConfiguration;
			buildSettings = {
				CODE_SIGN_STYLE = Automatic;
				CURRENT_PROJECT_VERSION = 1;
				DEVELOPMENT_TEAM = SYZDNA652D;
				GENERATE_INFOPLIST_FILE = YES;
				MARKETING_VERSION = 1.0;
				PRODUCT_BUNDLE_IDENTIFIER = com.jcap.WorkoutNowUITests;
				PRODUCT_NAME = "$(TARGET_NAME)";
				STRING_CATALOG_GENERATE_SYMBOLS = NO;
				SWIFT_APPROACHABLE_CONCURRENCY = YES;
				SWIFT_EMIT_LOC_STRINGS = NO;
				SWIFT_UPCOMING_FEATURE_MEMBER_IMPORT_VISIBILITY = YES;
				SWIFT_VERSION = 5.0;
				TARGETED_DEVICE_FAMILY = "1,2";
				TEST_TARGET_NAME = WorkoutNow;
			};
			name = Debug;
		};
		CE53090F2EEA282F00AC11EA /* Release */ = {
			isa = XCBuildConfiguration;
			buildSettings = {
				CODE_SIGN_STYLE = Automatic;
				CURRENT_PROJECT_VERSION = 1;
				DEVELOPMENT_TEAM = SYZDNA652D;
				GENERATE_INFOPLIST_FILE = YES;
				MARKETING_VERSION = 1.0;
				PRODUCT_BUNDLE_IDENTIFIER = com.jcap.WorkoutNowUITests;
				PRODUCT_NAME = "$(TARGET_NAME)";
				STRING_CATALOG_GENERATE_SYMBOLS = NO;
				SWIFT_APPROACHABLE_CONCURRENCY = YES;
				SWIFT_EMIT_LOC_STRINGS = NO;
				SWIFT_UPCOMING_FEATURE_MEMBER_IMPORT_VISIBILITY = YES;
				SWIFT_VERSION = 5.0;
				TARGETED_DEVICE_FAMILY = "1,2";
				TEST_TARGET_NAME = WorkoutNow;
			};
			name = Release;
		};
/* End XCBuildConfiguration section */

/* Begin XCConfigurationList section */
		CE5308E12EEA282D00AC11EA /* Build configuration list for PBXProject "WorkoutNow" */ = {
			isa = XCConfigurationList;
			buildConfigurations = (
				CE5309052EEA282F00AC11EA /* Debug */,
				CE5309062EEA282F00AC11EA /* Release */,
			);
			defaultConfigurationIsVisible = 0;
			defaultConfigurationName = Release;
		};
		CE5309072EEA282F00AC11EA /* Build configuration list for PBXNativeTarget "WorkoutNow" */ = {
			isa = XCConfigurationList;
			buildConfigurations = (
				CE5309082EEA282F00AC11EA /* Debug */,
				CE5309092EEA282F00AC11EA /* Release */,
			);
			defaultConfigurationIsVisible = 0;
			defaultConfigurationName = Release;
		};
		CE53090A2EEA282F00AC11EA /* Build configuration list for PBXNativeTarget "WorkoutNowTests" */ = {
			isa = XCConfigurationList;
			buildConfigurations = (
				CE53090B2EEA282F00AC11EA /* Debug */,
				CE53090C2EEA282F00AC11EA /* Release */,
			);
			defaultConfigurationIsVisible = 0;
			defaultConfigurationName = Release;
		};
		CE53090D2EEA282F00AC11EA /* Build configuration list for PBXNativeTarget "WorkoutNowUITests" */ = {
			isa = XCConfigurationList;
			buildConfigurations = (
				CE53090E2EEA282F00AC11EA /* Debug */,
				CE53090F2EEA282F00AC11EA /* Release */,
			);
			defaultConfigurationIsVisible = 0;
			defaultConfigurationName = Release;
		};
/* End XCConfigurationList section */
	};
	rootObject = CE5308DE2EEA282D00AC11EA /* Project object */;
}
